
Microsoft Visual Studio Solution File, Format Version 12.00
# Visual Studio Version 17
VisualStudioVersion = 17.3.32819.101
MinimumVisualStudioVersion = 10.0.40219.1
Project("{9A19103F-16F7-4668-BE54-9A1E7A4F7556}") = "CommandService", "CommandService.csproj", "{EF2F63F6-B63C-4592-B8D1-3F2E213B8A70}"
EndProject
Global
	GlobalSection(SolutionConfigurationPlatforms) = preSolution
		Debug|Any CPU = Debug|Any CPU
		Release|Any CPU = Release|Any CPU
	EndGlobalSection
	GlobalSection(ProjectConfigurationPlatforms) = postSolution
		{EF2F63F6-B63C-4592-B8D1-3F2E213B8A70}.Debug|Any CPU.ActiveCfg = Debug|Any CPU
		{EF2F63F6-B63C-4592-B8D1-3F2E213B8A70}.Debug|Any CPU.Build.0 = Debug|Any CPU
		{EF2F63F6-B63C-4592-B8D1-3F2E213B8A70}.Release|Any CPU.ActiveCfg = Release|Any CPU
		{EF2F63F6-B63C-4592-B8D1-3F2E213B8A70}.Release|Any CPU.Build.0 = Release|Any CPU
	EndGlobalSection
	GlobalSection(SolutionProperties) = preSolution
		HideSolutionNode = FALSE
	EndGlobalSection
	GlobalSection(ExtensibilityGlobals) = postSolution
		SolutionGuid = {1A90D8DD-F7D0-4503-A7CC-CEF68EA8CCE0}
	EndGlobalSection
EndGlobal
